
Microsoft Visual Studio Solution File, Format Version 12.00
# Visual Studio Version 17
VisualStudioVersion = 17.1.32407.343
MinimumVisualStudioVersion = 10.0.40219.1
Project("{FAE04EC0-301F-11D3-BF4B-00C04F79EFBC}") = "classAndObejctOOP", "classAndObejctOOP\classAndObejctOOP.csproj", "{AFF0C1C3-08F0-46B3-A9C2-D6E77652DAD9}"
EndProject
Global
	GlobalSection(SolutionConfigurationPlatforms) = preSolution
		Debug|Any CPU = Debug|Any CPU
		Release|Any CPU = Release|Any CPU
	EndGlobalSection
	GlobalSection(ProjectConfigurationPlatforms) = postSolution
		{AFF0C1C3-08F0-46B3-A9C2-D6E77652DAD9}.Debug|Any CPU.ActiveCfg = Debug|Any CPU
		{AFF0C1C3-08F0-46B3-A9C2-D6E77652DAD9}.Debug|Any CPU.Build.0 = Debug|Any CPU
		{AFF0C1C3-08F0-46B3-A9C2-D6E77652DAD9}.Release|Any CPU.ActiveCfg = Release|Any CPU
		{AFF0C1C3-08F0-46B3-A9C2-D6E77652DAD9}.Release|Any CPU.Build.0 = Release|Any CPU
	EndGlobalSection
	GlobalSection(SolutionProperties) = preSolution
		HideSolutionNode = FALSE
	EndGlobalSection
	GlobalSection(ExtensibilityGlobals) = postSolution
		SolutionGuid = {ED48D10A-646E-432B-B34D-37080A0C88D0}
	EndGlobalSection
EndGlobal
